{
  "version": 4,
  "terraform_version": "1.6.5",
  "serial": 1,
  "lineage": "dd0cd64b-ee21-86af-0ff1-9a8e3dc0299f",
  "outputs": {},
  "resources": [
    {
      "mode": "managed",
      "type": "github_repository",
      "name": "sleepers",
      "provider": "provider[\"registry.terraform.io/hashicorp/github\"]",
      "instances": [
        {
          "schema_version": 1,
          "attributes": {
            "allow_auto_merge": false,
            "allow_merge_commit": false,
            "allow_rebase_merge": false,
            "allow_squash_merge": false,
            "allow_update_branch": false,
            "archive_on_destroy": null,
            "archived": false,
            "auto_init": null,
            "default_branch": "main",
            "delete_branch_on_merge": false,
            "description": "Créé avec Terraform",
            "etag": "W/\"8fb19826eab9af9835fa1fd3f972b1011cbba9cda8f95e3be26245dcce31016a\"",
            "full_name": "Tiriel-Alyptus/sleepers",
            "git_clone_url": "git://github.com/Tiriel-Alyptus/sleepers.git",
            "gitignore_template": null,
            "has_discussions": false,
            "has_downloads": false,
            "has_issues": false,
            "has_projects": false,
            "has_wiki": false,
            "homepage_url": "",
            "html_url": "https://github.com/Tiriel-Alyptus/sleepers",
            "http_clone_url": "https://github.com/Tiriel-Alyptus/sleepers.git",
            "id": "sleepers",
            "ignore_vulnerability_alerts_during_read": null,
            "is_template": false,
            "license_template": null,
            "merge_commit_message": "",
            "merge_commit_title": "",
            "name": "sleepers",
            "node_id": "R_kgDOKz4Uuw",
            "pages": [],
            "primary_language": "",
            "private": true,
            "repo_id": 725488827,
            "security_and_analysis": [],
            "squash_merge_commit_message": "",
            "squash_merge_commit_title": "",
            "ssh_clone_url": "git@github.com:Tiriel-Alyptus/sleepers.git",
            "svn_url": "https://github.com/Tiriel-Alyptus/sleepers",
            "template": [],
            "topics": [],
            "visibility": "private",
            "vulnerability_alerts": false
          },
          "sensitive_attributes": [],
          "private": "eyJzY2hlbWFfdmVyc2lvbiI6IjEifQ=="
        }
      ]
    }
  ],
  "check_results": null
}
