{
  "version": 4,
  "terraform_version": "1.6.5",
  "serial": 6,
  "lineage": "2be7289f-191b-7ee4-358e-519c0a6cc727",
  "outputs": {
    "instance_ip": {
      "value": "45.32.155.13",
      "type": "string"
    }
  },
  "resources": [
    {
      "mode": "managed",
      "type": "vultr_instance",
      "name": "wordpress",
      "provider": "provider[\"registry.terraform.io/vultr/vultr\"]",
      "instances": [
        {
          "schema_version": 0,
          "attributes": {
            "activation_email": null,
            "allowed_bandwidth": 1,
            "app_id": 0,
            "backups": "disabled",
            "backups_schedule": [],
            "date_created": "2023-11-30T11:05:34+00:00",
            "ddos_protection": false,
            "default_password": "H3e_,$VWMpCM@qF?",
            "disk": 25,
            "enable_ipv6": null,
            "features": [],
            "firewall_group_id": "",
            "gateway_v4": "45.32.152.1",
            "hostname": "vultr.guest",
            "id": "59d22261-937b-4cd3-b970-fbc5f9cd3a46",
            "image_id": null,
            "internal_ip": "",
            "iso_id": null,
            "kvm": "https://my.vultr.com/subs/vps/novnc/api.php?data=djJ8YkN5YjlLYzQxTFFhNGoxaGpFWG5GSF8tZUp0WC1QWXR8o18B9QTAA6FZAI0YVuB__EzjZ_wFsEj5Spp0MU0uoqRK-NfcUKWS5H6hhg0d7vn4dok8pBrQ8673qT76cjBSMIHRN2xNT4RwKMCDavQbulhJ_5Y6uNF0Wn7DL5qdO50rPEZ2t9b0O5am1VIiNhLMj6ZUVpXzpbzEF2vlfU7gCoxgR64HTMdDPJEccNYbqow",
            "label": null,
            "main_ip": "45.32.155.13",
            "netmask_v4": "255.255.252.0",
            "os": "Ubuntu 20.04 LTS x64",
            "os_id": 387,
            "plan": "vc2-1c-1gb",
            "power_status": "running",
            "private_network_ids": [],
            "ram": 1024,
            "region": "fra",
            "reserved_ip_id": null,
            "script_id": null,
            "server_status": "installingbooting",
            "snapshot_id": null,
            "ssh_key_ids": null,
            "status": "active",
            "tags": null,
            "timeouts": null,
            "user_data": "#!/bin/bash\n\n# Mise à jour des paquets\napt-get update\n\n# Installation de Docker\napt-get install -y docker.io\n\n# Démarrage du service Docker\nsystemctl start docker\n\n# Activation du service Docker au démarrage\nsystemctl enable docker\n\n# Téléchargement de l'image WordPress\ndocker pull wordpress\n\n# Création d'un réseau Docker pour la communication entre les conteneurs\ndocker network create wordpress_network\n\n# Démarrage du conteneur MySQL\ndocker run --name wordpress-db -e MYSQL_ROOT_PASSWORD=Meurtheetmoselle -e MYSQL_DATABASE=wordpress -d mysql:5.7\n\n# Démarrage du conteneur WordPress en le reliant à la base de données MySQL\ndocker run --name wordpress --link wordpress-db:mysql -e WORDPRESS_DB_HOST=mysql -e WORDPRESS_DB_USER=root -e WORDPRESS_DB_PASSWORD=Meurtheetmoselle -e WORDPRESS_DB_NAME=wordpress -p 80:80 -d wordpress\n",
            "v6_main_ip": "",
            "v6_network": "",
            "v6_network_size": 0,
            "vcpu_count": 1,
            "vpc2_ids": null,
            "vpc_ids": []
          },
          "sensitive_attributes": [],
          "private": "eyJlMmJmYjczMC1lY2FhLTExZTYtOGY4OC0zNDM2M2JjN2M0YzAiOnsiY3JlYXRlIjozNjAwMDAwMDAwMDAwLCJ1cGRhdGUiOjM2MDAwMDAwMDAwMDB9fQ=="
        }
      ]
    }
  ],
  "check_results": null
}
