{
  "version": 4,
  "terraform_version": "1.6.5",
  "serial": 6,
  "lineage": "ce20acf5-028f-40ca-7586-1686c6b825a7",
  "outputs": {
    "instance_ips": {
      "value": [
        "45.77.67.185",
        "95.179.243.188",
        "104.238.167.177",
        "80.240.16.97",
        "45.77.52.127"
      ],
      "type": [
        "tuple",
        [
          "string",
          "string",
          "string",
          "string",
          "string"
        ]
      ]
    }
  },
  "resources": [
    {
      "mode": "managed",
      "type": "vultr_instance",
      "name": "L-DECAUDIN",
      "provider": "provider[\"registry.terraform.io/vultr/vultr\"]",
      "instances": [
        {
          "index_key": 0,
          "schema_version": 0,
          "attributes": {
            "activation_email": null,
            "allowed_bandwidth": 1,
            "app_id": 0,
            "backups": "disabled",
            "backups_schedule": [],
            "date_created": "2023-11-30T12:36:44+00:00",
            "ddos_protection": false,
            "default_password": "8tZ_Vn$o2wn6P+VF",
            "disk": 25,
            "enable_ipv6": null,
            "features": [],
            "firewall_group_id": "",
            "gateway_v4": "45.77.66.1",
            "hostname": "vultr.guest",
            "id": "c62dcb7c-b903-462e-bc67-7012aac8981e",
            "image_id": null,
            "internal_ip": "",
            "iso_id": null,
            "kvm": "https://my.vultr.com/subs/vps/novnc/api.php?data=djJ8ZExaSHRHMGhFeUdDWHRDdFpkMWc2bjV4dncyazFfcmx87t8V-4_gLm0sJN0Q0UM72s0RJECJsAjjFSj0tt1CCtZhYvzxuXHbvVQIOa5bKYHkb8p4ROFAlrCMHRc5qDhh_hhVNpKyspJnOxrKrITYlhQGH96Uzubgp5k8B0TsDG36__21W2HjIT-pJwCeClo8Qbt0r3KNhNyNZFjQz9hdgocsaB_ixI33FXjwV62N06je3AbRnIn5aynF6UD12B5TRNWM",
            "label": "vultr-instance-0",
            "main_ip": "45.77.67.185",
            "netmask_v4": "255.255.254.0",
            "os": "Ubuntu 20.04 LTS x64",
            "os_id": 387,
            "plan": "vc2-1c-1gb",
            "power_status": "running",
            "private_network_ids": [],
            "ram": 1024,
            "region": "fra",
            "reserved_ip_id": null,
            "script_id": null,
            "server_status": "installingbooting",
            "snapshot_id": null,
            "ssh_key_ids": null,
            "status": "active",
            "tags": null,
            "timeouts": null,
            "user_data": null,
            "v6_main_ip": "",
            "v6_network": "",
            "v6_network_size": 0,
            "vcpu_count": 1,
            "vpc2_ids": null,
            "vpc_ids": []
          },
          "sensitive_attributes": [],
          "private": "eyJlMmJmYjczMC1lY2FhLTExZTYtOGY4OC0zNDM2M2JjN2M0YzAiOnsiY3JlYXRlIjozNjAwMDAwMDAwMDAwLCJ1cGRhdGUiOjM2MDAwMDAwMDAwMDB9fQ=="
        },
        {
          "index_key": 1,
          "schema_version": 0,
          "attributes": {
            "activation_email": null,
            "allowed_bandwidth": 1,
            "app_id": 0,
            "backups": "disabled",
            "backups_schedule": [],
            "date_created": "2023-11-30T12:36:44+00:00",
            "ddos_protection": false,
            "default_password": "5S!f92oVD7AL_AMH",
            "disk": 25,
            "enable_ipv6": null,
            "features": [],
            "firewall_group_id": "",
            "gateway_v4": "95.179.242.1",
            "hostname": "vultr.guest",
            "id": "67153886-163c-4642-b850-36da743f699a",
            "image_id": null,
            "internal_ip": "",
            "iso_id": null,
            "kvm": "https://my.vultr.com/subs/vps/novnc/api.php?data=djJ8cUJpck9hMmk1SzFqWFVtTURtV3g2Q1VZcHRlUkRjbWx84sB6JIKe4paXC39zX1kvmClVNm14y2Vx9hu7_E5i3qg4tUo4t0KbLR0EjqwBo4v_6zpijJlUTLiBVx5-bNYYoT3Eip88Bn8b_yuqElw1pFp3C7TK0RmAMhd42fflKOrvKWQCiRnufDhQ36J_gA2veQx5gdhhOODbVcny6VIoIReD1yvYAYUcpH_KzlpmHAltcot7BfztrTo_3guIHTlhasEK",
            "label": "vultr-instance-1",
            "main_ip": "95.179.243.188",
            "netmask_v4": "255.255.254.0",
            "os": "Ubuntu 20.04 LTS x64",
            "os_id": 387,
            "plan": "vc2-1c-1gb",
            "power_status": "running",
            "private_network_ids": [],
            "ram": 1024,
            "region": "fra",
            "reserved_ip_id": null,
            "script_id": null,
            "server_status": "installingbooting",
            "snapshot_id": null,
            "ssh_key_ids": null,
            "status": "active",
            "tags": null,
            "timeouts": null,
            "user_data": null,
            "v6_main_ip": "",
            "v6_network": "",
            "v6_network_size": 0,
            "vcpu_count": 1,
            "vpc2_ids": null,
            "vpc_ids": []
          },
          "sensitive_attributes": [],
          "private": "eyJlMmJmYjczMC1lY2FhLTExZTYtOGY4OC0zNDM2M2JjN2M0YzAiOnsiY3JlYXRlIjozNjAwMDAwMDAwMDAwLCJ1cGRhdGUiOjM2MDAwMDAwMDAwMDB9fQ=="
        },
        {
          "index_key": 2,
          "schema_version": 0,
          "attributes": {
            "activation_email": null,
            "allowed_bandwidth": 1,
            "app_id": 0,
            "backups": "disabled",
            "backups_schedule": [],
            "date_created": "2023-11-30T12:36:44+00:00",
            "ddos_protection": false,
            "default_password": "Cj2*+@ct.*xKS9Sz",
            "disk": 25,
            "enable_ipv6": null,
            "features": [],
            "firewall_group_id": "",
            "gateway_v4": "104.238.167.1",
            "hostname": "vultr.guest",
            "id": "88691719-a3b5-4e09-aec7-60b30465b07c",
            "image_id": null,
            "internal_ip": "",
            "iso_id": null,
            "kvm": "https://my.vultr.com/subs/vps/novnc/api.php?data=djJ8M0gwUjFHWFZxclBmMUJKY3dGYzl6S3ZYZU04My1MeE98FYrckNUabr6Q99uyxA0UJKrPwNsEfal9nVuDXtYM9TOqijqifbQ0jwFWp1Xte-vbRCNR5GoiH192cPrJu1ue9ugd3JaRUiJmqUZfiyxWTh75MxRHWqgCzddcj_Am4WyS2KsU7LvDNmW3aDtJaS5AI8Nl09X8f25dUFGF7BR3O93nFaVivpa8g_V9m52n3QY6wooamiw_sKuZdFAuhNuxPq5y",
            "label": "vultr-instance-2",
            "main_ip": "104.238.167.177",
            "netmask_v4": "255.255.255.0",
            "os": "Ubuntu 20.04 LTS x64",
            "os_id": 387,
            "plan": "vc2-1c-1gb",
            "power_status": "running",
            "private_network_ids": [],
            "ram": 1024,
            "region": "fra",
            "reserved_ip_id": null,
            "script_id": null,
            "server_status": "installingbooting",
            "snapshot_id": null,
            "ssh_key_ids": null,
            "status": "active",
            "tags": null,
            "timeouts": null,
            "user_data": null,
            "v6_main_ip": "",
            "v6_network": "",
            "v6_network_size": 0,
            "vcpu_count": 1,
            "vpc2_ids": null,
            "vpc_ids": []
          },
          "sensitive_attributes": [],
          "private": "eyJlMmJmYjczMC1lY2FhLTExZTYtOGY4OC0zNDM2M2JjN2M0YzAiOnsiY3JlYXRlIjozNjAwMDAwMDAwMDAwLCJ1cGRhdGUiOjM2MDAwMDAwMDAwMDB9fQ=="
        },
        {
          "index_key": 3,
          "schema_version": 0,
          "attributes": {
            "activation_email": null,
            "allowed_bandwidth": 1,
            "app_id": 0,
            "backups": "disabled",
            "backups_schedule": [],
            "date_created": "2023-11-30T12:36:44+00:00",
            "ddos_protection": false,
            "default_password": "G7%x76Vu6YUWX_wY",
            "disk": 25,
            "enable_ipv6": null,
            "features": [],
            "firewall_group_id": "",
            "gateway_v4": "80.240.16.1",
            "hostname": "vultr.guest",
            "id": "1f743f8d-bf44-4fb3-a4c9-1590192602f5",
            "image_id": null,
            "internal_ip": "",
            "iso_id": null,
            "kvm": "https://my.vultr.com/subs/vps/novnc/api.php?data=djJ8a2NoRXkxUWF5RmtCNXdDUWdZUENKb3dhZVRyQllyMXB8-Uy72d3belr18-x1S75Bu26Lgjl_nKnuKwDPP_TcXUeJHUkzjmUKQOsjiQqBbhX2xVxhnAa0SCO32y0sDCPfg_kKONHwagqTk34_uiU74NpYBstfGktHQ9EK7huQ3KQ03rbAs1KENNRHkNVH6zOtlJzyFY0P51Ba59O6SKXXhuaBo9b3N62ujfx1UtlXnj83NVylwVs4UDi6kkvsEEGhx2F2",
            "label": "vultr-instance-3",
            "main_ip": "80.240.16.97",
            "netmask_v4": "255.255.254.0",
            "os": "Ubuntu 20.04 LTS x64",
            "os_id": 387,
            "plan": "vc2-1c-1gb",
            "power_status": "running",
            "private_network_ids": [],
            "ram": 1024,
            "region": "fra",
            "reserved_ip_id": null,
            "script_id": null,
            "server_status": "installingbooting",
            "snapshot_id": null,
            "ssh_key_ids": null,
            "status": "active",
            "tags": null,
            "timeouts": null,
            "user_data": null,
            "v6_main_ip": "",
            "v6_network": "",
            "v6_network_size": 0,
            "vcpu_count": 1,
            "vpc2_ids": null,
            "vpc_ids": []
          },
          "sensitive_attributes": [],
          "private": "eyJlMmJmYjczMC1lY2FhLTExZTYtOGY4OC0zNDM2M2JjN2M0YzAiOnsiY3JlYXRlIjozNjAwMDAwMDAwMDAwLCJ1cGRhdGUiOjM2MDAwMDAwMDAwMDB9fQ=="
        },
        {
          "index_key": 4,
          "schema_version": 0,
          "attributes": {
            "activation_email": null,
            "allowed_bandwidth": 1,
            "app_id": 0,
            "backups": "disabled",
            "backups_schedule": [],
            "date_created": "2023-11-30T12:36:44+00:00",
            "ddos_protection": false,
            "default_password": "@4EyEWR3J[Q=D$_A",
            "disk": 25,
            "enable_ipv6": null,
            "features": [],
            "firewall_group_id": "",
            "gateway_v4": "45.77.52.1",
            "hostname": "vultr.guest",
            "id": "234718b3-ed3e-45e6-bc86-d9ab9efa7bb0",
            "image_id": null,
            "internal_ip": "",
            "iso_id": null,
            "kvm": "https://my.vultr.com/subs/vps/novnc/api.php?data=djJ8MzFqUU1SNHN0RjFOaXluSDU3eGpjY0t2clRJdlhMTWF8Z7T7nftxeW4ZaBpnmligJ53pdb7O5uw-0mh6leFnwwtrFpqwTmerFj9Ot83ykN5g7Qzb1ERH3nT0zwJ083bL-r7XwQNQ8gLINia58EwXphlE_iI_JJrV1QqU1iHBk6bNf4wm3PjOho-6u0qNNLb2JKbLS9bnTGcReEO5sX9emqC0eilqjzZaIbYkGHG9dzGBLe31lKKze-eALAkQ66yGUkxq",
            "label": "vultr-instance-4",
            "main_ip": "45.77.52.127",
            "netmask_v4": "255.255.254.0",
            "os": "Ubuntu 20.04 LTS x64",
            "os_id": 387,
            "plan": "vc2-1c-1gb",
            "power_status": "running",
            "private_network_ids": [],
            "ram": 1024,
            "region": "fra",
            "reserved_ip_id": null,
            "script_id": null,
            "server_status": "installingbooting",
            "snapshot_id": null,
            "ssh_key_ids": null,
            "status": "active",
            "tags": null,
            "timeouts": null,
            "user_data": null,
            "v6_main_ip": "",
            "v6_network": "",
            "v6_network_size": 0,
            "vcpu_count": 1,
            "vpc2_ids": null,
            "vpc_ids": []
          },
          "sensitive_attributes": [],
          "private": "eyJlMmJmYjczMC1lY2FhLTExZTYtOGY4OC0zNDM2M2JjN2M0YzAiOnsiY3JlYXRlIjozNjAwMDAwMDAwMDAwLCJ1cGRhdGUiOjM2MDAwMDAwMDAwMDB9fQ=="
        }
      ]
    }
  ],
  "check_results": null
}
