{
  "version": 4,
  "terraform_version": "1.6.5",
  "serial": 6,
  "lineage": "afd87612-21a8-fd41-bad8-01f628cb8679",
  "outputs": {
    "instance_ip": {
      "value": "45.32.159.31",
      "type": "string"
    }
  },
  "resources": [
    {
      "mode": "managed",
      "type": "vultr_instance",
      "name": "L-DECAUDIN",
      "provider": "provider[\"registry.terraform.io/vultr/vultr\"]",
      "instances": [
        {
          "schema_version": 0,
          "attributes": {
            "activation_email": null,
            "allowed_bandwidth": 1,
            "app_id": 0,
            "backups": "disabled",
            "backups_schedule": [],
            "date_created": "2023-11-30T10:31:30+00:00",
            "ddos_protection": false,
            "default_password": "r.9NM6C[M6v#b+P[",
            "disk": 25,
            "enable_ipv6": null,
            "features": [],
            "firewall_group_id": "",
            "gateway_v4": "45.32.156.1",
            "hostname": "vultr.guest",
            "id": "441fae19-bb53-4cf5-8480-623bd27c2b18",
            "image_id": null,
            "internal_ip": "",
            "iso_id": null,
            "kvm": "https://my.vultr.com/subs/vps/novnc/api.php?data=djJ8UFlQMV82bHFjcGljZV9HSEZHa0FqXy1PMndNZWxoX1R8bw9oPVGHo4NnWEU_foeKnbMpLEEOk39C5DZrwycl1Uuo97j1rA7Dc97O10THFnBiHs7VlBV3Z8JA6hFy522kC9CaGwx3qz6VbzETVhG85K7PSih8ieAaIJ0ybZfyaif4_3qhgroivx4OFQ-p9mSV5d-FwEzPpT5sCOrvrhBABcesszSP37JjyEkKyIVkdkY",
            "label": null,
            "main_ip": "45.32.159.31",
            "netmask_v4": "255.255.252.0",
            "os": "Ubuntu 20.04 LTS x64",
            "os_id": 387,
            "plan": "vc2-1c-1gb",
            "power_status": "running",
            "private_network_ids": [],
            "ram": 1024,
            "region": "fra",
            "reserved_ip_id": null,
            "script_id": null,
            "server_status": "installingbooting",
            "snapshot_id": null,
            "ssh_key_ids": null,
            "status": "active",
            "tags": null,
            "timeouts": null,
            "user_data": "#!/bin/bash\napt-get update\napt-get install -y docker.io\nsystemctl start docker\nsystemctl enable docker\ndocker run -d -p 80:80 -e node=Server  jialezi/html5-speedtest\n",
            "v6_main_ip": "",
            "v6_network": "",
            "v6_network_size": 0,
            "vcpu_count": 1,
            "vpc2_ids": null,
            "vpc_ids": []
          },
          "sensitive_attributes": [],
          "private": "eyJlMmJmYjczMC1lY2FhLTExZTYtOGY4OC0zNDM2M2JjN2M0YzAiOnsiY3JlYXRlIjozNjAwMDAwMDAwMDAwLCJ1cGRhdGUiOjM2MDAwMDAwMDAwMDB9fQ=="
        }
      ]
    }
  ],
  "check_results": null
}
