{
  "version": 4,
  "terraform_version": "1.6.5",
  "serial": 14,
  "lineage": "afd87612-21a8-fd41-bad8-01f628cb8679",
  "outputs": {
    "instance_ip": {
      "value": "80.240.20.148",
      "type": "string"
    }
  },
  "resources": [
    {
      "mode": "managed",
      "type": "vultr_instance",
      "name": "L-DECAUDIN",
      "provider": "provider[\"registry.terraform.io/vultr/vultr\"]",
      "instances": [
        {
          "schema_version": 0,
          "attributes": {
            "activation_email": null,
            "allowed_bandwidth": 1,
            "app_id": 0,
            "backups": "disabled",
            "backups_schedule": [],
            "date_created": "2023-11-30T10:53:58+00:00",
            "ddos_protection": false,
            "default_password": "gU$7sya3yPPv7pZt",
            "disk": 25,
            "enable_ipv6": null,
            "features": [],
            "firewall_group_id": "",
            "gateway_v4": "80.240.20.1",
            "hostname": "vultr.guest",
            "id": "303a5d7b-77b6-491b-90f1-48e31fe1b634",
            "image_id": null,
            "internal_ip": "",
            "iso_id": null,
            "kvm": "https://my.vultr.com/subs/vps/novnc/api.php?data=djJ8QzdjWnI0U1ptTUtud1JkWU9YdDJ0NjQ5QnRNN2gwcDV8G-2Wm9s-NM-m1YFzT9AGymXz0mKSGdYPAaUnu9h_FGsvxp-sFg1Yu2FZE_lVVEqhl9ZwEpd6SbdZe0ALtNUea5X8MOXjIgh_DB1NiAsyWoUqsr1QlgY2m_w9tG_V5uQTU3q2YFifrPsQDmOUoE4TQbKSXOPuupoIq2-8wmFYBW0vcCF0BcdBm0zRKtGF_JI",
            "label": null,
            "main_ip": "80.240.20.148",
            "netmask_v4": "255.255.254.0",
            "os": "Ubuntu 20.04 LTS x64",
            "os_id": 387,
            "plan": "vc2-1c-1gb",
            "power_status": "running",
            "private_network_ids": [],
            "ram": 1024,
            "region": "fra",
            "reserved_ip_id": null,
            "script_id": null,
            "server_status": "installingbooting",
            "snapshot_id": null,
            "ssh_key_ids": null,
            "status": "active",
            "tags": null,
            "timeouts": null,
            "user_data": "#!/bin/bash\napt-get update\napt-get install -y docker.io\nsystemctl start docker\nsystemctl enable docker\ndocker run -d -p 80:80 -e node=Server  jialezi/html5-speedtest\n",
            "v6_main_ip": "",
            "v6_network": "",
            "v6_network_size": 0,
            "vcpu_count": 1,
            "vpc2_ids": null,
            "vpc_ids": []
          },
          "sensitive_attributes": [],
          "private": "eyJlMmJmYjczMC1lY2FhLTExZTYtOGY4OC0zNDM2M2JjN2M0YzAiOnsiY3JlYXRlIjozNjAwMDAwMDAwMDAwLCJ1cGRhdGUiOjM2MDAwMDAwMDAwMDB9fQ=="
        }
      ]
    }
  ],
  "check_results": null
}
